// !$*UTF8*$!
{
	archiveVersion = 1;
	classes = {
	};
	objectVersion = 56;
	objects = {

/* Begin PBXBuildFile section */
		7083C3152A8CE2AB0045E13C /* AppDelegate.m in Sources */ = {isa = PBXBuildFile; fileRef = 7083C3142A8CE2AB0045E13C /* AppDelegate.m */; };
		7083C31E2A8CE2AB0045E13C /* Main.storyboard in Resources */ = {isa = PBXBuildFile; fileRef = 7083C31C2A8CE2AB0045E13C /* Main.storyboard */; };
		7083C3202A8CE2AC0045E13C /* Assets.xcassets in Resources */ = {isa = PBXBuildFile; fileRef = 7083C31F2A8CE2AC0045E13C /* Assets.xcassets */; };
		7083C3232A8CE2AC0045E13C /* LaunchScreen.storyboard in Resources */ = {isa = PBXBuildFile; fileRef = 7083C3212A8CE2AC0045E13C /* LaunchScreen.storyboard */; };
		7083C3262A8CE2AC0045E13C /* main.m in Sources */ = {isa = PBXBuildFile; fileRef = 7083C3252A8CE2AC0045E13C /* main.m */; };
		7092A33A2A8E352E00A8521E /* DisplayModel.m in Sources */ = {isa = PBXBuildFile; fileRef = 7092A3392A8E352E00A8521E /* DisplayModel.m */; };
		70A5DED42A8DEB7E00334431 /* PanelTableCell.m in Sources */ = {isa = PBXBuildFile; fileRef = 70A5DED32A8DEB7E00334431 /* PanelTableCell.m */; };
		70A5DED72A8DEC4500334431 /* CoreBluetoothManager.m in Sources */ = {isa = PBXBuildFile; fileRef = 70A5DED62A8DEC4500334431 /* CoreBluetoothManager.m */; };
		70A5DEDA2A8DEFF600334431 /* ViewController.m in Sources */ = {isa = PBXBuildFile; fileRef = 70A5DED92A8DEFF600334431 /* ViewController.m */; };
		70A5DEE02A8DF1AB00334431 /* BlueToothModel.m in Sources */ = {isa = PBXBuildFile; fileRef = 70A5DEDE2A8DF1AA00334431 /* BlueToothModel.m */; };
		70A5DEE12A8DF1AB00334431 /* BlueToothTableViewCell.m in Sources */ = {isa = PBXBuildFile; fileRef = 70A5DEDF2A8DF1AB00334431 /* BlueToothTableViewCell.m */; };
		70A5DEE42A8DF1D200334431 /* PeripheralDetailViewController.m in Sources */ = {isa = PBXBuildFile; fileRef = 70A5DEE32A8DF1D200334431 /* PeripheralDetailViewController.m */; };
		70A5DEE72A8DF8D600334431 /* CBPeripheral+KVOState.m in Sources */ = {isa = PBXBuildFile; fileRef = 70A5DEE62A8DF8D600334431 /* CBPeripheral+KVOState.m */; };
		70A5DEEA2A8DFAD500334431 /* NSObject+MethodExchange.m in Sources */ = {isa = PBXBuildFile; fileRef = 70A5DEE92A8DFAD500334431 /* NSObject+MethodExchange.m */; };
		786F1138EBBAF9F32DBC560A /* Pods_BlueTooth.framework in Frameworks */ = {isa = PBXBuildFile; fileRef = 4E15F57DA4FE5017C6BEF7BD /* Pods_BlueTooth.framework */; };
/* End PBXBuildFile section */

/* Begin PBXFileReference section */
		4E15F57DA4FE5017C6BEF7BD /* Pods_BlueTooth.framework */ = {isa = PBXFileReference; explicitFileType = wrapper.framework; includeInIndex = 0; path = Pods_BlueTooth.framework; sourceTree = BUILT_PRODUCTS_DIR; };
		7083C3102A8CE2AB0045E13C /* BlueTooth.app */ = {isa = PBXFileReference; explicitFileType = wrapper.application; includeInIndex = 0; path = BlueTooth.app; sourceTree = BUILT_PRODUCTS_DIR; };
		7083C3132A8CE2AB0045E13C /* AppDelegate.h */ = {isa = PBXFileReference; lastKnownFileType = sourcecode.c.h; path = AppDelegate.h; sourceTree = "<group>"; };
		7083C3142A8CE2AB0045E13C /* AppDelegate.m */ = {isa = PBXFileReference; lastKnownFileType = sourcecode.c.objc; path = AppDelegate.m; sourceTree = "<group>"; };
		7083C31D2A8CE2AB0045E13C /* Base */ = {isa = PBXFileReference; lastKnownFileType = file.storyboard; name = Base; path = Base.lproj/Main.storyboard; sourceTree = "<group>"; };
		7083C31F2A8CE2AC0045E13C /* Assets.xcassets */ = {isa = PBXFileReference; lastKnownFileType = folder.assetcatalog; path = Assets.xcassets; sourceTree = "<group>"; };
		7083C3222A8CE2AC0045E13C /* Base */ = {isa = PBXFileReference; lastKnownFileType = file.storyboard; name = Base; path = Base.lproj/LaunchScreen.storyboard; sourceTree = "<group>"; };
		7083C3242A8CE2AC0045E13C /* Info.plist */ = {isa = PBXFileReference; lastKnownFileType = text.plist.xml; path = Info.plist; sourceTree = "<group>"; };
		7083C3252A8CE2AC0045E13C /* main.m */ = {isa = PBXFileReference; lastKnownFileType = sourcecode.c.objc; path = main.m; sourceTree = "<group>"; };
		7092A3382A8E352E00A8521E /* DisplayModel.h */ = {isa = PBXFileReference; lastKnownFileType = sourcecode.c.h; path = DisplayModel.h; sourceTree = "<group>"; };
		7092A3392A8E352E00A8521E /* DisplayModel.m */ = {isa = PBXFileReference; lastKnownFileType = sourcecode.c.objc; path = DisplayModel.m; sourceTree = "<group>"; };
		70A5DED22A8DEB7E00334431 /* PanelTableCell.h */ = {isa = PBXFileReference; lastKnownFileType = sourcecode.c.h; path = PanelTableCell.h; sourceTree = "<group>"; };
		70A5DED32A8DEB7E00334431 /* PanelTableCell.m */ = {isa = PBXFileReference; lastKnownFileType = sourcecode.c.objc; path = PanelTableCell.m; sourceTree = "<group>"; };
		70A5DED52A8DEC4400334431 /* CoreBluetoothManager.h */ = {isa = PBXFileReference; fileEncoding = 4; lastKnownFileType = sourcecode.c.h; path = CoreBluetoothManager.h; sourceTree = "<group>"; };
		70A5DED62A8DEC4500334431 /* CoreBluetoothManager.m */ = {isa = PBXFileReference; fileEncoding = 4; lastKnownFileType = sourcecode.c.objc; path = CoreBluetoothManager.m; sourceTree = "<group>"; };
		70A5DED82A8DEFF600334431 /* ViewController.h */ = {isa = PBXFileReference; fileEncoding = 4; lastKnownFileType = sourcecode.c.h; path = ViewController.h; sourceTree = "<group>"; };
		70A5DED92A8DEFF600334431 /* ViewController.m */ = {isa = PBXFileReference; fileEncoding = 4; lastKnownFileType = sourcecode.c.objc; path = ViewController.m; sourceTree = "<group>"; };
		70A5DEDB2A8DF1AA00334431 /* BlueToothModel.h */ = {isa = PBXFileReference; fileEncoding = 4; lastKnownFileType = sourcecode.c.h; path = BlueToothModel.h; sourceTree = "<group>"; };
		70A5DEDC2A8DF1AA00334431 /* BlueToothTableViewCell.h */ = {isa = PBXFileReference; fileEncoding = 4; lastKnownFileType = sourcecode.c.h; path = BlueToothTableViewCell.h; sourceTree = "<group>"; };
		70A5DEDE2A8DF1AA00334431 /* BlueToothModel.m */ = {isa = PBXFileReference; fileEncoding = 4; lastKnownFileType = sourcecode.c.objc; path = BlueToothModel.m; sourceTree = "<group>"; };
		70A5DEDF2A8DF1AB00334431 /* BlueToothTableViewCell.m */ = {isa = PBXFileReference; fileEncoding = 4; lastKnownFileType = sourcecode.c.objc; path = BlueToothTableViewCell.m; sourceTree = "<group>"; };
		70A5DEE22A8DF1D200334431 /* PeripheralDetailViewController.h */ = {isa = PBXFileReference; fileEncoding = 4; lastKnownFileType = sourcecode.c.h; path = PeripheralDetailViewController.h; sourceTree = "<group>"; };
		70A5DEE32A8DF1D200334431 /* PeripheralDetailViewController.m */ = {isa = PBXFileReference; fileEncoding = 4; lastKnownFileType = sourcecode.c.objc; path = PeripheralDetailViewController.m; sourceTree = "<group>"; };
		70A5DEE52A8DF8D600334431 /* CBPeripheral+KVOState.h */ = {isa = PBXFileReference; lastKnownFileType = sourcecode.c.h; path = "CBPeripheral+KVOState.h"; sourceTree = "<group>"; };
		70A5DEE62A8DF8D600334431 /* CBPeripheral+KVOState.m */ = {isa = PBXFileReference; lastKnownFileType = sourcecode.c.objc; path = "CBPeripheral+KVOState.m"; sourceTree = "<group>"; };
		70A5DEE82A8DFAD500334431 /* NSObject+MethodExchange.h */ = {isa = PBXFileReference; lastKnownFileType = sourcecode.c.h; path = "NSObject+MethodExchange.h"; sourceTree = "<group>"; };
		70A5DEE92A8DFAD500334431 /* NSObject+MethodExchange.m */ = {isa = PBXFileReference; lastKnownFileType = sourcecode.c.objc; path = "NSObject+MethodExchange.m"; sourceTree = "<group>"; };
		D8BFB95E8B490A595DA2EE13 /* Pods-BlueTooth.release.xcconfig */ = {isa = PBXFileReference; includeInIndex = 1; lastKnownFileType = text.xcconfig; name = "Pods-BlueTooth.release.xcconfig"; path = "Target Support Files/Pods-BlueTooth/Pods-BlueTooth.release.xcconfig"; sourceTree = "<group>"; };
		E248E180308245B4639C6C00 /* Pods-BlueTooth.debug.xcconfig */ = {isa = PBXFileReference; includeInIndex = 1; lastKnownFileType = text.xcconfig; name = "Pods-BlueTooth.debug.xcconfig"; path = "Target Support Files/Pods-BlueTooth/Pods-BlueTooth.debug.xcconfig"; sourceTree = "<group>"; };
/* End PBXFileReference section */

/* Begin PBXFrameworksBuildPhase section */
		7083C30D2A8CE2AB0045E13C /* Frameworks */ = {
			isa = PBXFrameworksBuildPhase;
			buildActionMask = 2147483647;
			files = (
				786F1138EBBAF9F32DBC560A /* Pods_BlueTooth.framework in Frameworks */,
			);
			runOnlyForDeploymentPostprocessing = 0;
		};
/* End PBXFrameworksBuildPhase section */

/* Begin PBXGroup section */
		248A89E262968B5ABB8B539B /* Pods */ = {
			isa = PBXGroup;
			children = (
				E248E180308245B4639C6C00 /* Pods-BlueTooth.debug.xcconfig */,
				D8BFB95E8B490A595DA2EE13 /* Pods-BlueTooth.release.xcconfig */,
			);
			path = Pods;
			sourceTree = "<group>";
		};
		7083C3072A8CE2AB0045E13C = {
			isa = PBXGroup;
			children = (
				7083C3122A8CE2AB0045E13C /* BlueTooth */,
				7083C3112A8CE2AB0045E13C /* Products */,
				248A89E262968B5ABB8B539B /* Pods */,
				E85D6F39409841B5862EE2D5 /* Frameworks */,
			);
			sourceTree = "<group>";
		};
		7083C3112A8CE2AB0045E13C /* Products */ = {
			isa = PBXGroup;
			children = (
				7083C3102A8CE2AB0045E13C /* BlueTooth.app */,
			);
			name = Products;
			sourceTree = "<group>";
		};
		7083C3122A8CE2AB0045E13C /* BlueTooth */ = {
			isa = PBXGroup;
			children = (
				70A5DEDB2A8DF1AA00334431 /* BlueToothModel.h */,
				70A5DEDE2A8DF1AA00334431 /* BlueToothModel.m */,
				7092A3382A8E352E00A8521E /* DisplayModel.h */,
				7092A3392A8E352E00A8521E /* DisplayModel.m */,
				70A5DEDC2A8DF1AA00334431 /* BlueToothTableViewCell.h */,
				70A5DEDF2A8DF1AB00334431 /* BlueToothTableViewCell.m */,
				70A5DEE22A8DF1D200334431 /* PeripheralDetailViewController.h */,
				70A5DEE32A8DF1D200334431 /* PeripheralDetailViewController.m */,
				70A5DED52A8DEC4400334431 /* CoreBluetoothManager.h */,
				70A5DED62A8DEC4500334431 /* CoreBluetoothManager.m */,
				70A5DED82A8DEFF600334431 /* ViewController.h */,
				70A5DED92A8DEFF600334431 /* ViewController.m */,
				7083C3132A8CE2AB0045E13C /* AppDelegate.h */,
				7083C3142A8CE2AB0045E13C /* AppDelegate.m */,
				70A5DED22A8DEB7E00334431 /* PanelTableCell.h */,
				70A5DED32A8DEB7E00334431 /* PanelTableCell.m */,
				7083C31C2A8CE2AB0045E13C /* Main.storyboard */,
				7083C31F2A8CE2AC0045E13C /* Assets.xcassets */,
				7083C3212A8CE2AC0045E13C /* LaunchScreen.storyboard */,
				7083C3242A8CE2AC0045E13C /* Info.plist */,
				7083C3252A8CE2AC0045E13C /* main.m */,
				70A5DEE82A8DFAD500334431 /* NSObject+MethodExchange.h */,
				70A5DEE92A8DFAD500334431 /* NSObject+MethodExchange.m */,
				70A5DEE52A8DF8D600334431 /* CBPeripheral+KVOState.h */,
				70A5DEE62A8DF8D600334431 /* CBPeripheral+KVOState.m */,
			);
			path = BlueTooth;
			sourceTree = "<group>";
		};
		E85D6F39409841B5862EE2D5 /* Frameworks */ = {
			isa = PBXGroup;
			children = (
				4E15F57DA4FE5017C6BEF7BD /* Pods_BlueTooth.framework */,
			);
			name = Frameworks;
			sourceTree = "<group>";
		};
/* End PBXGroup section */

/* Begin PBXNativeTarget section */
		7083C30F2A8CE2AB0045E13C /* BlueTooth */ = {
			isa = PBXNativeTarget;
			buildConfigurationList = 7083C3292A8CE2AC0045E13C /* Build configuration list for PBXNativeTarget "BlueTooth" */;
			buildPhases = (
				80A9E5BD408F2DFC6A3BB5DF /* [CP] Check Pods Manifest.lock */,
				7083C30C2A8CE2AB0045E13C /* Sources */,
				7083C30D2A8CE2AB0045E13C /* Frameworks */,
				7083C30E2A8CE2AB0045E13C /* Resources */,
				B415195BC45B01DEF6A406DC /* [CP] Embed Pods Frameworks */,
			);
			buildRules = (
			);
			dependencies = (
			);
			name = BlueTooth;
			productName = BlueTooth;
			productReference = 7083C3102A8CE2AB0045E13C /* BlueTooth.app */;
			productType = "com.apple.product-type.application";
		};
/* End PBXNativeTarget section */

/* Begin PBXProject section */
		7083C3082A8CE2AB0045E13C /* Project object */ = {
			isa = PBXProject;
			attributes = {
				BuildIndependentTargetsInParallel = 1;
				LastUpgradeCheck = 1430;
				TargetAttributes = {
					7083C30F2A8CE2AB0045E13C = {
						CreatedOnToolsVersion = 14.3;
					};
				};
			};
			buildConfigurationList = 7083C30B2A8CE2AB0045E13C /* Build configuration list for PBXProject "BlueTooth" */;
			compatibilityVersion = "Xcode 14.0";
			developmentRegion = en;
			hasScannedForEncodings = 0;
			knownRegions = (
				en,
				Base,
			);
			mainGroup = 7083C3072A8CE2AB0045E13C;
			productRefGroup = 7083C3112A8CE2AB0045E13C /* Products */;
			projectDirPath = "";
			projectRoot = "";
			targets = (
				7083C30F2A8CE2AB0045E13C /* BlueTooth */,
			);
		};
/* End PBXProject section */

/* Begin PBXResourcesBuildPhase section */
		7083C30E2A8CE2AB0045E13C /* Resources */ = {
			isa = PBXResourcesBuildPhase;
			buildActionMask = 2147483647;
			files = (
				7083C3232A8CE2AC0045E13C /* LaunchScreen.storyboard in Resources */,
				7083C3202A8CE2AC0045E13C /* Assets.xcassets in Resources */,
				7083C31E2A8CE2AB0045E13C /* Main.storyboard in Resources */,
			);
			runOnlyForDeploymentPostprocessing = 0;
		};
/* End PBXResourcesBuildPhase section */

/* Begin PBXShellScriptBuildPhase section */
		80A9E5BD408F2DFC6A3BB5DF /* [CP] Check Pods Manifest.lock */ = {
			isa = PBXShellScriptBuildPhase;
			buildActionMask = 2147483647;
			files = (
			);
			inputFileListPaths = (
			);
			inputPaths = (
				"${PODS_PODFILE_DIR_PATH}/Podfile.lock",
				"${PODS_ROOT}/Manifest.lock",
			);
			name = "[CP] Check Pods Manifest.lock";
			outputFileListPaths = (
			);
			outputPaths = (
				"$(DERIVED_FILE_DIR)/Pods-BlueTooth-checkManifestLockResult.txt",
			);
			runOnlyForDeploymentPostprocessing = 0;
			shellPath = /bin/sh;
			shellScript = "diff \"${PODS_PODFILE_DIR_PATH}/Podfile.lock\" \"${PODS_ROOT}/Manifest.lock\" > /dev/null\nif [ $? != 0 ] ; then\n    # print error to STDERR\n    echo \"error: The sandbox is not in sync with the Podfile.lock. Run 'pod install' or update your CocoaPods installation.\" >&2\n    exit 1\nfi\n# This output is used by Xcode 'outputs' to avoid re-running this script phase.\necho \"SUCCESS\" > \"${SCRIPT_OUTPUT_FILE_0}\"\n";
			showEnvVarsInLog = 0;
		};
		B415195BC45B01DEF6A406DC /* [CP] Embed Pods Frameworks */ = {
			isa = PBXShellScriptBuildPhase;
			buildActionMask = 2147483647;
			files = (
			);
			inputFileListPaths = (
				"${PODS_ROOT}/Target Support Files/Pods-BlueTooth/Pods-BlueTooth-frameworks-${CONFIGURATION}-input-files.xcfilelist",
			);
			name = "[CP] Embed Pods Frameworks";
			outputFileListPaths = (
				"${PODS_ROOT}/Target Support Files/Pods-BlueTooth/Pods-BlueTooth-frameworks-${CONFIGURATION}-output-files.xcfilelist",
			);
			runOnlyForDeploymentPostprocessing = 0;
			shellPath = /bin/sh;
			shellScript = "\"${PODS_ROOT}/Target Support Files/Pods-BlueTooth/Pods-BlueTooth-frameworks.sh\"\n";
			showEnvVarsInLog = 0;
		};
/* End PBXShellScriptBuildPhase section */

/* Begin PBXSourcesBuildPhase section */
		7083C30C2A8CE2AB0045E13C /* Sources */ = {
			isa = PBXSourcesBuildPhase;
			buildActionMask = 2147483647;
			files = (
				70A5DEE72A8DF8D600334431 /* CBPeripheral+KVOState.m in Sources */,
				7092A33A2A8E352E00A8521E /* DisplayModel.m in Sources */,
				70A5DEE12A8DF1AB00334431 /* BlueToothTableViewCell.m in Sources */,
				70A5DEE02A8DF1AB00334431 /* BlueToothModel.m in Sources */,
				70A5DEEA2A8DFAD500334431 /* NSObject+MethodExchange.m in Sources */,
				70A5DEE42A8DF1D200334431 /* PeripheralDetailViewController.m in Sources */,
				7083C3152A8CE2AB0045E13C /* AppDelegate.m in Sources */,
				70A5DED42A8DEB7E00334431 /* PanelTableCell.m in Sources */,
				7083C3262A8CE2AC0045E13C /* main.m in Sources */,
				70A5DED72A8DEC4500334431 /* CoreBluetoothManager.m in Sources */,
				70A5DEDA2A8DEFF600334431 /* ViewController.m in Sources */,
			);
			runOnlyForDeploymentPostprocessing = 0;
		};
/* End PBXSourcesBuildPhase section */

/* Begin PBXVariantGroup section */
		7083C31C2A8CE2AB0045E13C /* Main.storyboard */ = {
			isa = PBXVariantGroup;
			children = (
				7083C31D2A8CE2AB0045E13C /* Base */,
			);
			name = Main.storyboard;
			sourceTree = "<group>";
		};
		7083C3212A8CE2AC0045E13C /* LaunchScreen.storyboard */ = {
			isa = PBXVariantGroup;
			children = (
				7083C3222A8CE2AC0045E13C /* Base */,
			);
			name = LaunchScreen.storyboard;
			sourceTree = "<group>";
		};
/* End PBXVariantGroup section */

/* Begin XCBuildConfiguration section */
		7083C3272A8CE2AC0045E13C /* Debug */ = {
			isa = XCBuildConfiguration;
			buildSettings = {
				ALWAYS_SEARCH_USER_PATHS = NO;
				CLANG_ANALYZER_NONNULL = YES;
				CLANG_ANALYZER_NUMBER_OBJECT_CONVERSION = YES_AGGRESSIVE;
				CLANG_CXX_LANGUAGE_STANDARD = "gnu++20";
				CLANG_ENABLE_MODULES = YES;
				CLANG_ENABLE_OBJC_ARC = YES;
				CLANG_ENABLE_OBJC_WEAK = YES;
				CLANG_WARN_BLOCK_CAPTURE_AUTORELEASING = YES;
				CLANG_WARN_BOOL_CONVERSION = YES;
				CLANG_WARN_COMMA = YES;
				CLANG_WARN_CONSTANT_CONVERSION = YES;
				CLANG_WARN_DEPRECATED_OBJC_IMPLEMENTATIONS = YES;
				CLANG_WARN_DIRECT_OBJC_ISA_USAGE = YES_ERROR;
				CLANG_WARN_DOCUMENTATION_COMMENTS = YES;
				CLANG_WARN_EMPTY_BODY = YES;
				CLANG_WARN_ENUM_CONVERSION = YES;
				CLANG_WARN_INFINITE_RECURSION = YES;
				CLANG_WARN_INT_CONVERSION = YES;
				CLANG_WARN_NON_LITERAL_NULL_CONVERSION = YES;
				CLANG_WARN_OBJC_IMPLICIT_RETAIN_SELF = YES;
				CLANG_WARN_OBJC_LITERAL_CONVERSION = YES;
				CLANG_WARN_OBJC_ROOT_CLASS = YES_ERROR;
				CLANG_WARN_QUOTED_INCLUDE_IN_FRAMEWORK_HEADER = YES;
				CLANG_WARN_RANGE_LOOP_ANALYSIS = YES;
				CLANG_WARN_STRICT_PROTOTYPES = YES;
				CLANG_WARN_SUSPICIOUS_MOVE = YES;
				CLANG_WARN_UNGUARDED_AVAILABILITY = YES_AGGRESSIVE;
				CLANG_WARN_UNREACHABLE_CODE = YES;
				CLANG_WARN__DUPLICATE_METHOD_MATCH = YES;
				COPY_PHASE_STRIP = NO;
				DEBUG_INFORMATION_FORMAT = dwarf;
				ENABLE_STRICT_OBJC_MSGSEND = YES;
				ENABLE_TESTABILITY = YES;
				GCC_C_LANGUAGE_STANDARD = gnu11;
				GCC_DYNAMIC_NO_PIC = NO;
				GCC_NO_COMMON_BLOCKS = YES;
				GCC_OPTIMIZATION_LEVEL = 0;
				GCC_PREPROCESSOR_DEFINITIONS = (
					"DEBUG=1",
					"$(inherited)",
				);
				GCC_WARN_64_TO_32_BIT_CONVERSION = YES;
				GCC_WARN_ABOUT_RETURN_TYPE = YES_ERROR;
				GCC_WARN_UNDECLARED_SELECTOR = YES;
				GCC_WARN_UNINITIALIZED_AUTOS = YES_AGGRESSIVE;
				GCC_WARN_UNUSED_FUNCTION = YES;
				GCC_WARN_UNUSED_VARIABLE = YES;
				IPHONEOS_DEPLOYMENT_TARGET = 16.4;
				MTL_ENABLE_DEBUG_INFO = INCLUDE_SOURCE;
				MTL_FAST_MATH = YES;
				ONLY_ACTIVE_ARCH = YES;
				SDKROOT = iphoneos;
			};
			name = Debug;
		};
		7083C3282A8CE2AC0045E13C /* Release */ = {
			isa = XCBuildConfiguration;
			buildSettings = {
				ALWAYS_SEARCH_USER_PATHS = NO;
				CLANG_ANALYZER_NONNULL = YES;
				CLANG_ANALYZER_NUMBER_OBJECT_CONVERSION = YES_AGGRESSIVE;
				CLANG_CXX_LANGUAGE_STANDARD = "gnu++20";
				CLANG_ENABLE_MODULES = YES;
				CLANG_ENABLE_OBJC_ARC = YES;
				CLANG_ENABLE_OBJC_WEAK = YES;
				CLANG_WARN_BLOCK_CAPTURE_AUTORELEASING = YES;
				CLANG_WARN_BOOL_CONVERSION = YES;
				CLANG_WARN_COMMA = YES;
				CLANG_WARN_CONSTANT_CONVERSION = YES;
				CLANG_WARN_DEPRECATED_OBJC_IMPLEMENTATIONS = YES;
				CLANG_WARN_DIRECT_OBJC_ISA_USAGE = YES_ERROR;
				CLANG_WARN_DOCUMENTATION_COMMENTS = YES;
				CLANG_WARN_EMPTY_BODY = YES;
				CLANG_WARN_ENUM_CONVERSION = YES;
				CLANG_WARN_INFINITE_RECURSION = YES;
				CLANG_WARN_INT_CONVERSION = YES;
				CLANG_WARN_NON_LITERAL_NULL_CONVERSION = YES;
				CLANG_WARN_OBJC_IMPLICIT_RETAIN_SELF = YES;
				CLANG_WARN_OBJC_LITERAL_CONVERSION = YES;
				CLANG_WARN_OBJC_ROOT_CLASS = YES_ERROR;
				CLANG_WARN_QUOTED_INCLUDE_IN_FRAMEWORK_HEADER = YES;
				CLANG_WARN_RANGE_LOOP_ANALYSIS = YES;
				CLANG_WARN_STRICT_PROTOTYPES = YES;
				CLANG_WARN_SUSPICIOUS_MOVE = YES;
				CLANG_WARN_UNGUARDED_AVAILABILITY = YES_AGGRESSIVE;
				CLANG_WARN_UNREACHABLE_CODE = YES;
				CLANG_WARN__DUPLICATE_METHOD_MATCH = YES;
				COPY_PHASE_STRIP = NO;
				DEBUG_INFORMATION_FORMAT = "dwarf-with-dsym";
				ENABLE_NS_ASSERTIONS = NO;
				ENABLE_STRICT_OBJC_MSGSEND = YES;
				GCC_C_LANGUAGE_STANDARD = gnu11;
				GCC_NO_COMMON_BLOCKS = YES;
				GCC_WARN_64_TO_32_BIT_CONVERSION = YES;
				GCC_WARN_ABOUT_RETURN_TYPE = YES_ERROR;
				GCC_WARN_UNDECLARED_SELECTOR = YES;
				GCC_WARN_UNINITIALIZED_AUTOS = YES_AGGRESSIVE;
				GCC_WARN_UNUSED_FUNCTION = YES;
				GCC_WARN_UNUSED_VARIABLE = YES;
				IPHONEOS_DEPLOYMENT_TARGET = 16.4;
				MTL_ENABLE_DEBUG_INFO = NO;
				MTL_FAST_MATH = YES;
				SDKROOT = iphoneos;
				VALIDATE_PRODUCT = YES;
			};
			name = Release;
		};
		7083C32A2A8CE2AC0045E13C /* Debug */ = {
			isa = XCBuildConfiguration;
			baseConfigurationReference = E248E180308245B4639C6C00 /* Pods-BlueTooth.debug.xcconfig */;
			buildSettings = {
				ASSETCATALOG_COMPILER_APPICON_NAME = AppIcon;
				ASSETCATALOG_COMPILER_GLOBAL_ACCENT_COLOR_NAME = AccentColor;
				CODE_SIGN_STYLE = Automatic;
				CURRENT_PROJECT_VERSION = 1;
				DEVELOPMENT_TEAM = E695D9MPGR;
				GENERATE_INFOPLIST_FILE = YES;
				INFOPLIST_FILE = BlueTooth/Info.plist;
				INFOPLIST_KEY_NSBluetoothAlwaysUsageDescription = "访问蓝牙权限以用于设备数据读取和发送";
				INFOPLIST_KEY_UIApplicationSupportsIndirectInputEvents = YES;
				INFOPLIST_KEY_UILaunchStoryboardName = LaunchScreen;
				INFOPLIST_KEY_UIMainStoryboardFile = Main;
				INFOPLIST_KEY_UISupportedInterfaceOrientations_iPad = "UIInterfaceOrientationPortrait UIInterfaceOrientationPortraitUpsideDown UIInterfaceOrientationLandscapeLeft UIInterfaceOrientationLandscapeRight";
				INFOPLIST_KEY_UISupportedInterfaceOrientations_iPhone = "UIInterfaceOrientationPortrait UIInterfaceOrientationLandscapeLeft UIInterfaceOrientationLandscapeRight";
				INFOPLIST_KEY_UISupportsDocumentBrowser = YES;
				IPHONEOS_DEPLOYMENT_TARGET = 12.0;
				LD_RUNPATH_SEARCH_PATHS = (
					"$(inherited)",
					"@executable_path/Frameworks",
				);
				MARKETING_VERSION = 1.0;
				PRODUCT_BUNDLE_IDENTIFIER = com.ubt.www.bluetooth;
				PRODUCT_NAME = "$(TARGET_NAME)";
				SWIFT_EMIT_LOC_STRINGS = YES;
				TARGETED_DEVICE_FAMILY = "1,2";
			};
			name = Debug;
		};
		7083C32B2A8CE2AC0045E13C /* Release */ = {
			isa = XCBuildConfiguration;
			baseConfigurationReference = D8BFB95E8B490A595DA2EE13 /* Pods-BlueTooth.release.xcconfig */;
			buildSettings = {
				ASSETCATALOG_COMPILER_APPICON_NAME = AppIcon;
				ASSETCATALOG_COMPILER_GLOBAL_ACCENT_COLOR_NAME = AccentColor;
				CODE_SIGN_STYLE = Automatic;
				CURRENT_PROJECT_VERSION = 1;
				DEVELOPMENT_TEAM = E695D9MPGR;
				GENERATE_INFOPLIST_FILE = YES;
				INFOPLIST_FILE = BlueTooth/Info.plist;
				INFOPLIST_KEY_NSBluetoothAlwaysUsageDescription = "访问蓝牙权限以用于设备数据读取和发送";
				INFOPLIST_KEY_UIApplicationSupportsIndirectInputEvents = YES;
				INFOPLIST_KEY_UILaunchStoryboardName = LaunchScreen;
				INFOPLIST_KEY_UIMainStoryboardFile = Main;
				INFOPLIST_KEY_UISupportedInterfaceOrientations_iPad = "UIInterfaceOrientationPortrait UIInterfaceOrientationPortraitUpsideDown UIInterfaceOrientationLandscapeLeft UIInterfaceOrientationLandscapeRight";
				INFOPLIST_KEY_UISupportedInterfaceOrientations_iPhone = "UIInterfaceOrientationPortrait UIInterfaceOrientationLandscapeLeft UIInterfaceOrientationLandscapeRight";
				INFOPLIST_KEY_UISupportsDocumentBrowser = YES;
				IPHONEOS_DEPLOYMENT_TARGET = 12.0;
				LD_RUNPATH_SEARCH_PATHS = (
					"$(inherited)",
					"@executable_path/Frameworks",
				);
				MARKETING_VERSION = 1.0;
				PRODUCT_BUNDLE_IDENTIFIER = com.ubt.www.bluetooth;
				PRODUCT_NAME = "$(TARGET_NAME)";
				SWIFT_EMIT_LOC_STRINGS = YES;
				TARGETED_DEVICE_FAMILY = "1,2";
			};
			name = Release;
		};
/* End XCBuildConfiguration section */

/* Begin XCConfigurationList section */
		7083C30B2A8CE2AB0045E13C /* Build configuration list for PBXProject "BlueTooth" */ = {
			isa = XCConfigurationList;
			buildConfigurations = (
				7083C3272A8CE2AC0045E13C /* Debug */,
				7083C3282A8CE2AC0045E13C /* Release */,
			);
			defaultConfigurationIsVisible = 0;
			defaultConfigurationName = Release;
		};
		7083C3292A8CE2AC0045E13C /* Build configuration list for PBXNativeTarget "BlueTooth" */ = {
			isa = XCConfigurationList;
			buildConfigurations = (
				7083C32A2A8CE2AC0045E13C /* Debug */,
				7083C32B2A8CE2AC0045E13C /* Release */,
			);
			defaultConfigurationIsVisible = 0;
			defaultConfigurationName = Release;
		};
/* End XCConfigurationList section */
	};
	rootObject = 7083C3082A8CE2AB0045E13C /* Project object */;
}
